
Microsoft Visual Studio Solution File, Format Version 12.00
# Visual Studio Version 16
VisualStudioVersion = 16.0.30011.22
MinimumVisualStudioVersion = 10.0.40219.1
Project("{FAE04EC0-301F-11D3-BF4B-00C04F79EFBC}") = "WinDegiskenler", "WinDegiskenler\WinDegiskenler.csproj", "{A329DCAA-7E7F-4865-AAF0-81B645FC3FAC}"
EndProject
Project("{FAE04EC0-301F-11D3-BF4B-00C04F79EFBC}") = "WinSayiArttirma", "WinSayiArttirma\WinSayiArttirma.csproj", "{F2CC55C1-F9BE-4C2A-B4F8-824235941A22}"
EndProject
Project("{FAE04EC0-301F-11D3-BF4B-00C04F79EFBC}") = "WinOdev", "WinOdev\WinOdev.csproj", "{0439DCE9-8D55-481D-A43E-9648F3C217A6}"
EndProject
Project("{FAE04EC0-301F-11D3-BF4B-00C04F79EFBC}") = "WinTimer", "WinTimer\WinTimer.csproj", "{0576505D-E497-467B-A3F2-72E171C64E8F}"
EndProject
Project("{FAE04EC0-301F-11D3-BF4B-00C04F79EFBC}") = "WinBatanBank", "WinBatanBank\WinBatanBank.csproj", "{60F313D6-F492-45C6-87E6-E957975DBAF6}"
EndProject
Project("{FAE04EC0-301F-11D3-BF4B-00C04F79EFBC}") = "WinOperatorler", "WinOperatorler\WinOperatorler.csproj", "{FE787A66-FDDF-42C8-B098-6B38C4A2C978}"
EndProject
Project("{FAE04EC0-301F-11D3-BF4B-00C04F79EFBC}") = "WinCasting", "WinCasting\WinCasting.csproj", "{55A85E92-3AE3-439E-9B88-3E1CE771A995}"
EndProject
Project("{FAE04EC0-301F-11D3-BF4B-00C04F79EFBC}") = "WinHatalar", "WinHatalar\WinHatalar.csproj", "{8100EDC9-D13F-489C-B42C-CF3DC1FC6CE1}"
EndProject
Project("{FAE04EC0-301F-11D3-BF4B-00C04F79EFBC}") = "WinKararYapilari", "WinKararYapilari\WinKararYapilari.csproj", "{16C42D51-BB5A-4B1F-B04E-54D2ABF40264}"
EndProject
Project("{FAE04EC0-301F-11D3-BF4B-00C04F79EFBC}") = "WinDonguler", "WinDonguler\WinDonguler.csproj", "{B0B5206A-364F-4EEC-9575-42B839A44D08}"
EndProject
Project("{FAE04EC0-301F-11D3-BF4B-00C04F79EFBC}") = "WinDiziler", "WinDiziler\WinDiziler.csproj", "{9430A3A4-D701-4082-8D08-F6AFC09022F3}"
EndProject
Project("{FAE04EC0-301F-11D3-BF4B-00C04F79EFBC}") = "WinMetotlar", "WinMetotlar\WinMetotlar.csproj", "{D3A6D294-633E-4415-ACD3-50CD372A2CEA}"
EndProject
Project("{FAE04EC0-301F-11D3-BF4B-00C04F79EFBC}") = "WinOOP01", "WinOOP01\WinOOP01.csproj", "{7B6CCDC2-A282-4CC2-9FDE-0B79FF9DBFBB}"
EndProject
Project("{FAE04EC0-301F-11D3-BF4B-00C04F79EFBC}") = "WinCollectionAndGeneric", "WinCollectionAndGeneric\WinCollectionAndGeneric.csproj", "{5B6C4D93-0EED-4C3C-A288-7009BB8FD346}"
EndProject
Project("{FAE04EC0-301F-11D3-BF4B-00C04F79EFBC}") = "WinOOP2", "WinOOP2\WinOOP2.csproj", "{4EC59DC6-FE58-4A6F-B800-93128A2F091A}"
EndProject
Project("{FAE04EC0-301F-11D3-BF4B-00C04F79EFBC}") = "TestLibrary", "TestLibrary\TestLibrary.csproj", "{F855C005-063C-401A-B7B2-7D22FA47ED93}"
EndProject
Project("{FAE04EC0-301F-11D3-BF4B-00C04F79EFBC}") = "WinOOP3", "WinOOP3\WinOOP3.csproj", "{BF627D5D-1233-4E14-B18B-3CCECDD36AD2}"
EndProject
Project("{FAE04EC0-301F-11D3-BF4B-00C04F79EFBC}") = "WinOOP4", "WinOOP4\WinOOP4.csproj", "{C26C0D53-844A-450B-B58C-E5F9C0F1C50A}"
EndProject
Project("{FAE04EC0-301F-11D3-BF4B-00C04F79EFBC}") = "WinOOP5", "WinOOP5\WinOOP5.csproj", "{131CBA64-0C05-42B8-9610-2FB645F243CF}"
EndProject
Project("{FAE04EC0-301F-11D3-BF4B-00C04F79EFBC}") = "WinOOP006Ornek", "WinOOP006Ornek\WinOOP006Ornek.csproj", "{1FF61A4D-EB6E-45B6-A880-4E6257066ED2}"
EndProject
Global
	GlobalSection(SolutionConfigurationPlatforms) = preSolution
		Debug|Any CPU = Debug|Any CPU
		Release|Any CPU = Release|Any CPU
	EndGlobalSection
	GlobalSection(ProjectConfigurationPlatforms) = postSolution
		{A329DCAA-7E7F-4865-AAF0-81B645FC3FAC}.Debug|Any CPU.ActiveCfg = Debug|Any CPU
		{A329DCAA-7E7F-4865-AAF0-81B645FC3FAC}.Debug|Any CPU.Build.0 = Debug|Any CPU
		{A329DCAA-7E7F-4865-AAF0-81B645FC3FAC}.Release|Any CPU.ActiveCfg = Release|Any CPU
		{A329DCAA-7E7F-4865-AAF0-81B645FC3FAC}.Release|Any CPU.Build.0 = Release|Any CPU
		{F2CC55C1-F9BE-4C2A-B4F8-824235941A22}.Debug|Any CPU.ActiveCfg = Debug|Any CPU
		{F2CC55C1-F9BE-4C2A-B4F8-824235941A22}.Debug|Any CPU.Build.0 = Debug|Any CPU
		{F2CC55C1-F9BE-4C2A-B4F8-824235941A22}.Release|Any CPU.ActiveCfg = Release|Any CPU
		{F2CC55C1-F9BE-4C2A-B4F8-824235941A22}.Release|Any CPU.Build.0 = Release|Any CPU
		{0439DCE9-8D55-481D-A43E-9648F3C217A6}.Debug|Any CPU.ActiveCfg = Debug|Any CPU
		{0439DCE9-8D55-481D-A43E-9648F3C217A6}.Debug|Any CPU.Build.0 = Debug|Any CPU
		{0439DCE9-8D55-481D-A43E-9648F3C217A6}.Release|Any CPU.ActiveCfg = Release|Any CPU
		{0439DCE9-8D55-481D-A43E-9648F3C217A6}.Release|Any CPU.Build.0 = Release|Any CPU
		{0576505D-E497-467B-A3F2-72E171C64E8F}.Debug|Any CPU.ActiveCfg = Debug|Any CPU
		{0576505D-E497-467B-A3F2-72E171C64E8F}.Debug|Any CPU.Build.0 = Debug|Any CPU
		{0576505D-E497-467B-A3F2-72E171C64E8F}.Release|Any CPU.ActiveCfg = Release|Any CPU
		{0576505D-E497-467B-A3F2-72E171C64E8F}.Release|Any CPU.Build.0 = Release|Any CPU
		{60F313D6-F492-45C6-87E6-E957975DBAF6}.Debug|Any CPU.ActiveCfg = Debug|Any CPU
		{60F313D6-F492-45C6-87E6-E957975DBAF6}.Debug|Any CPU.Build.0 = Debug|Any CPU
		{60F313D6-F492-45C6-87E6-E957975DBAF6}.Release|Any CPU.ActiveCfg = Release|Any CPU
		{60F313D6-F492-45C6-87E6-E957975DBAF6}.Release|Any CPU.Build.0 = Release|Any CPU
		{FE787A66-FDDF-42C8-B098-6B38C4A2C978}.Debug|Any CPU.ActiveCfg = Debug|Any CPU
		{FE787A66-FDDF-42C8-B098-6B38C4A2C978}.Debug|Any CPU.Build.0 = Debug|Any CPU
		{FE787A66-FDDF-42C8-B098-6B38C4A2C978}.Release|Any CPU.ActiveCfg = Release|Any CPU
		{FE787A66-FDDF-42C8-B098-6B38C4A2C978}.Release|Any CPU.Build.0 = Release|Any CPU
		{55A85E92-3AE3-439E-9B88-3E1CE771A995}.Debug|Any CPU.ActiveCfg = Debug|Any CPU
		{55A85E92-3AE3-439E-9B88-3E1CE771A995}.Debug|Any CPU.Build.0 = Debug|Any CPU
		{55A85E92-3AE3-439E-9B88-3E1CE771A995}.Release|Any CPU.ActiveCfg = Release|Any CPU
		{55A85E92-3AE3-439E-9B88-3E1CE771A995}.Release|Any CPU.Build.0 = Release|Any CPU
		{8100EDC9-D13F-489C-B42C-CF3DC1FC6CE1}.Debug|Any CPU.ActiveCfg = Debug|Any CPU
		{8100EDC9-D13F-489C-B42C-CF3DC1FC6CE1}.Debug|Any CPU.Build.0 = Debug|Any CPU
		{8100EDC9-D13F-489C-B42C-CF3DC1FC6CE1}.Release|Any CPU.ActiveCfg = Release|Any CPU
		{8100EDC9-D13F-489C-B42C-CF3DC1FC6CE1}.Release|Any CPU.Build.0 = Release|Any CPU
		{16C42D51-BB5A-4B1F-B04E-54D2ABF40264}.Debug|Any CPU.ActiveCfg = Debug|Any CPU
		{16C42D51-BB5A-4B1F-B04E-54D2ABF40264}.Debug|Any CPU.Build.0 = Debug|Any CPU
		{16C42D51-BB5A-4B1F-B04E-54D2ABF40264}.Release|Any CPU.ActiveCfg = Release|Any CPU
		{16C42D51-BB5A-4B1F-B04E-54D2ABF40264}.Release|Any CPU.Build.0 = Release|Any CPU
		{B0B5206A-364F-4EEC-9575-42B839A44D08}.Debug|Any CPU.ActiveCfg = Debug|Any CPU
		{B0B5206A-364F-4EEC-9575-42B839A44D08}.Debug|Any CPU.Build.0 = Debug|Any CPU
		{B0B5206A-364F-4EEC-9575-42B839A44D08}.Release|Any CPU.ActiveCfg = Release|Any CPU
		{B0B5206A-364F-4EEC-9575-42B839A44D08}.Release|Any CPU.Build.0 = Release|Any CPU
		{9430A3A4-D701-4082-8D08-F6AFC09022F3}.Debug|Any CPU.ActiveCfg = Debug|Any CPU
		{9430A3A4-D701-4082-8D08-F6AFC09022F3}.Debug|Any CPU.Build.0 = Debug|Any CPU
		{9430A3A4-D701-4082-8D08-F6AFC09022F3}.Release|Any CPU.ActiveCfg = Release|Any CPU
		{9430A3A4-D701-4082-8D08-F6AFC09022F3}.Release|Any CPU.Build.0 = Release|Any CPU
		{D3A6D294-633E-4415-ACD3-50CD372A2CEA}.Debug|Any CPU.ActiveCfg = Debug|Any CPU
		{D3A6D294-633E-4415-ACD3-50CD372A2CEA}.Debug|Any CPU.Build.0 = Debug|Any CPU
		{D3A6D294-633E-4415-ACD3-50CD372A2CEA}.Release|Any CPU.ActiveCfg = Release|Any CPU
		{D3A6D294-633E-4415-ACD3-50CD372A2CEA}.Release|Any CPU.Build.0 = Release|Any CPU
		{7B6CCDC2-A282-4CC2-9FDE-0B79FF9DBFBB}.Debug|Any CPU.ActiveCfg = Debug|Any CPU
		{7B6CCDC2-A282-4CC2-9FDE-0B79FF9DBFBB}.Debug|Any CPU.Build.0 = Debug|Any CPU
		{7B6CCDC2-A282-4CC2-9FDE-0B79FF9DBFBB}.Release|Any CPU.ActiveCfg = Release|Any CPU
		{7B6CCDC2-A282-4CC2-9FDE-0B79FF9DBFBB}.Release|Any CPU.Build.0 = Release|Any CPU
		{5B6C4D93-0EED-4C3C-A288-7009BB8FD346}.Debug|Any CPU.ActiveCfg = Debug|Any CPU
		{5B6C4D93-0EED-4C3C-A288-7009BB8FD346}.Debug|Any CPU.Build.0 = Debug|Any CPU
		{5B6C4D93-0EED-4C3C-A288-7009BB8FD346}.Release|Any CPU.ActiveCfg = Release|Any CPU
		{5B6C4D93-0EED-4C3C-A288-7009BB8FD346}.Release|Any CPU.Build.0 = Release|Any CPU
		{4EC59DC6-FE58-4A6F-B800-93128A2F091A}.Debug|Any CPU.ActiveCfg = Debug|Any CPU
		{4EC59DC6-FE58-4A6F-B800-93128A2F091A}.Debug|Any CPU.Build.0 = Debug|Any CPU
		{4EC59DC6-FE58-4A6F-B800-93128A2F091A}.Release|Any CPU.ActiveCfg = Release|Any CPU
		{4EC59DC6-FE58-4A6F-B800-93128A2F091A}.Release|Any CPU.Build.0 = Release|Any CPU
		{F855C005-063C-401A-B7B2-7D22FA47ED93}.Debug|Any CPU.ActiveCfg = Debug|Any CPU
		{F855C005-063C-401A-B7B2-7D22FA47ED93}.Debug|Any CPU.Build.0 = Debug|Any CPU
		{F855C005-063C-401A-B7B2-7D22FA47ED93}.Release|Any CPU.ActiveCfg = Release|Any CPU
		{F855C005-063C-401A-B7B2-7D22FA47ED93}.Release|Any CPU.Build.0 = Release|Any CPU
		{BF627D5D-1233-4E14-B18B-3CCECDD36AD2}.Debug|Any CPU.ActiveCfg = Debug|Any CPU
		{BF627D5D-1233-4E14-B18B-3CCECDD36AD2}.Debug|Any CPU.Build.0 = Debug|Any CPU
		{BF627D5D-1233-4E14-B18B-3CCECDD36AD2}.Release|Any CPU.ActiveCfg = Release|Any CPU
		{BF627D5D-1233-4E14-B18B-3CCECDD36AD2}.Release|Any CPU.Build.0 = Release|Any CPU
		{C26C0D53-844A-450B-B58C-E5F9C0F1C50A}.Debug|Any CPU.ActiveCfg = Debug|Any CPU
		{C26C0D53-844A-450B-B58C-E5F9C0F1C50A}.Debug|Any CPU.Build.0 = Debug|Any CPU
		{C26C0D53-844A-450B-B58C-E5F9C0F1C50A}.Release|Any CPU.ActiveCfg = Release|Any CPU
		{C26C0D53-844A-450B-B58C-E5F9C0F1C50A}.Release|Any CPU.Build.0 = Release|Any CPU
		{131CBA64-0C05-42B8-9610-2FB645F243CF}.Debug|Any CPU.ActiveCfg = Debug|Any CPU
		{131CBA64-0C05-42B8-9610-2FB645F243CF}.Debug|Any CPU.Build.0 = Debug|Any CPU
		{131CBA64-0C05-42B8-9610-2FB645F243CF}.Release|Any CPU.ActiveCfg = Release|Any CPU
		{131CBA64-0C05-42B8-9610-2FB645F243CF}.Release|Any CPU.Build.0 = Release|Any CPU
		{1FF61A4D-EB6E-45B6-A880-4E6257066ED2}.Debug|Any CPU.ActiveCfg = Debug|Any CPU
		{1FF61A4D-EB6E-45B6-A880-4E6257066ED2}.Debug|Any CPU.Build.0 = Debug|Any CPU
		{1FF61A4D-EB6E-45B6-A880-4E6257066ED2}.Release|Any CPU.ActiveCfg = Release|Any CPU
		{1FF61A4D-EB6E-45B6-A880-4E6257066ED2}.Release|Any CPU.Build.0 = Release|Any CPU
	EndGlobalSection
	GlobalSection(SolutionProperties) = preSolution
		HideSolutionNode = FALSE
	EndGlobalSection
	GlobalSection(ExtensibilityGlobals) = postSolution
		SolutionGuid = {8A56D560-73E4-4AD8-9F9A-84DD7A6E69DC}
	EndGlobalSection
EndGlobal
